
Microsoft Visual Studio Solution File, Format Version 12.00
# Visual Studio Version 17
VisualStudioVersion = 17.0.31903.59
MinimumVisualStudioVersion = 10.0.40219.1
Project("{2150E333-8FDC-42A3-9474-1A3956D46DE8}") = "BuildingBlocks", "BuildingBlocks", "{7266C4A9-E384-DC00-0EB6-47F6002CFBA7}"
EndProject
Project("{FAE04EC0-301F-11D3-BF4B-00C04F79EFBC}") = "Adventure.BuildingBlocks.Core", "src\BuildingBlocks\Adventure.BuildingBlocks.Core\Adventure.BuildingBlocks.Core.csproj", "{6D5C3ED7-73F2-4E55-8F9B-1CD3AFBA6F0C}"
EndProject
Project("{FAE04EC0-301F-11D3-BF4B-00C04F79EFBC}") = "Adventure.BuildingBlocks.Persistence.EFCore", "src\BuildingBlocks\Adventure.BuildingBlocks.Persistence.EFCore\Adventure.BuildingBlocks.Persistence.EFCore.csproj", "{659DADC4-4307-425F-ADB9-965CB6989596}"
EndProject
Project("{FAE04EC0-301F-11D3-BF4B-00C04F79EFBC}") = "Adventure.BuildingBlocks.Messaging", "src\BuildingBlocks\Adventure.BuildingBlocks.Messaging\Adventure.BuildingBlocks.Messaging.csproj", "{383A9F6E-3958-4255-B5CB-4585196A3D7A}"
EndProject
Project("{FAE04EC0-301F-11D3-BF4B-00C04F79EFBC}") = "Adventure.BuildingBlocks.Caching", "src\BuildingBlocks\Adventure.BuildingBlocks.Caching\Adventure.BuildingBlocks.Caching.csproj", "{95727938-FE00-4A33-8CE5-574DC4EA03B9}"
EndProject
Project("{FAE04EC0-301F-11D3-BF4B-00C04F79EFBC}") = "Adventure.BuildingBlocks.Authentication", "src\BuildingBlocks\Adventure.BuildingBlocks.Authentication\Adventure.BuildingBlocks.Authentication.csproj", "{5511F1DA-D3C6-452C-93B5-0C6E40521529}"
EndProject
Project("{2150E333-8FDC-42A3-9474-1A3956D46DE8}") = "Services", "Services", "{5854FF58-B8C5-05C6-5BF2-ACE42193F22B}"
EndProject
Project("{2150E333-8FDC-42A3-9474-1A3956D46DE8}") = "Identity", "Identity", "{2FA89949-C014-61E3-9766-4043502A0423}"
EndProject
Project("{FAE04EC0-301F-11D3-BF4B-00C04F79EFBC}") = "Adventure.Identity", "src\Identity\Adventure.Identity\Adventure.Identity.csproj", "{0004DF4D-2CDF-42EC-92F6-B7E81A29B94B}"
EndProject
Project("{2150E333-8FDC-42A3-9474-1A3956D46DE8}") = "Sales", "Sales", "{00D5FA09-9A52-E7D4-27A8-8813305D18EB}"
EndProject
Project("{2150E333-8FDC-42A3-9474-1A3956D46DE8}") = "Production", "Production", "{3A4FE308-54B2-BF21-A95D-115C872F7699}"
EndProject
Project("{2150E333-8FDC-42A3-9474-1A3956D46DE8}") = "Purchase", "Purchase", "{13C37D78-89C1-9740-1254-FCC4D4FEAACB}"
EndProject
Project("{2150E333-8FDC-42A3-9474-1A3956D46DE8}") = "HumanResource", "HumanResource", "{D6905E6F-E027-2140-289F-DC3891351708}"
EndProject
Project("{2150E333-8FDC-42A3-9474-1A3956D46DE8}") = "Person", "Person", "{2ABB08AF-F700-0691-05D1-0F76A92338F6}"
EndProject
Project("{2150E333-8FDC-42A3-9474-1A3956D46DE8}") = "Finance", "Finance", "{A3EB3B8E-A382-883F-4EF5-65D661ECE351}"
EndProject
Project("{2150E333-8FDC-42A3-9474-1A3956D46DE8}") = "Warehouse", "Warehouse", "{FF24FFAD-FAA5-2FDD-CC90-06B154D1F71E}"
EndProject
Project("{FAE04EC0-301F-11D3-BF4B-00C04F79EFBC}") = "Adventure.Finance", "src\Services\Finance\Adventure.Finance\Adventure.Finance.csproj", "{C5C1C79C-81E9-449D-8159-B89F68315796}"
EndProject
Project("{FAE04EC0-301F-11D3-BF4B-00C04F79EFBC}") = "Adventure.HumanResource", "src\Services\HumanResource\Adventure.HumanResource\Adventure.HumanResource.csproj", "{FEE78522-A463-4643-AA04-D29CAE39CF50}"
EndProject
Project("{FAE04EC0-301F-11D3-BF4B-00C04F79EFBC}") = "Adventure.Person", "src\Services\Person\Adventure.Person\Adventure.Person.csproj", "{786325B3-7356-4B42-9080-2DFA489ABBA2}"
EndProject
Project("{FAE04EC0-301F-11D3-BF4B-00C04F79EFBC}") = "Adventure.Production", "src\Services\Production\Adventure.Production\Adventure.Production.csproj", "{1AEDA84E-7A65-45CB-BDC9-A7BB4C3A20AA}"
EndProject
Project("{FAE04EC0-301F-11D3-BF4B-00C04F79EFBC}") = "Adventure.Purchase", "src\Services\Purchase\Adventure.Purchase\Adventure.Purchase.csproj", "{3D1EA826-8DCD-4A12-AD8C-C611B843FEAA}"
EndProject
Project("{FAE04EC0-301F-11D3-BF4B-00C04F79EFBC}") = "Adventure.Sales", "src\Services\Sales\Adventure.Sales\Adventure.Sales.csproj", "{92BFACFF-CC77-4A11-B693-D8353AA179EF}"
EndProject
Project("{FAE04EC0-301F-11D3-BF4B-00C04F79EFBC}") = "Adventure.Warehouse", "src\Services\Warehouse\Adventure.Warehouse\Adventure.Warehouse.csproj", "{3A7F99C6-BA65-4BE5-9B85-95840354B890}"
EndProject
Project("{2150E333-8FDC-42A3-9474-1A3956D46DE8}") = "Aspire", "Aspire", "{64880D93-BAB4-FF83-898C-B934B68C31A9}"
EndProject
Project("{FAE04EC0-301F-11D3-BF4B-00C04F79EFBC}") = "Adventure.AppHost", "src\Aspire\Adventure.AppHost\Adventure.AppHost.csproj", "{F144702C-4C7E-4FE3-86D3-426C694DD18B}"
EndProject
Project("{FAE04EC0-301F-11D3-BF4B-00C04F79EFBC}") = "Adventure.ServiceDefaults", "src\Aspire\Adventure.ServiceDefaults\Adventure.ServiceDefaults.csproj", "{9ADC1BB0-7623-4911-A109-882A5C8FC2EB}"
EndProject
Global
	GlobalSection(SolutionConfigurationPlatforms) = preSolution
		Debug|Any CPU = Debug|Any CPU
		Debug|x64 = Debug|x64
		Debug|x86 = Debug|x86
		Release|Any CPU = Release|Any CPU
		Release|x64 = Release|x64
		Release|x86 = Release|x86
	EndGlobalSection
	GlobalSection(ProjectConfigurationPlatforms) = postSolution
		{6D5C3ED7-73F2-4E55-8F9B-1CD3AFBA6F0C}.Debug|Any CPU.ActiveCfg = Debug|Any CPU
		{6D5C3ED7-73F2-4E55-8F9B-1CD3AFBA6F0C}.Debug|Any CPU.Build.0 = Debug|Any CPU
		{6D5C3ED7-73F2-4E55-8F9B-1CD3AFBA6F0C}.Debug|x64.ActiveCfg = Debug|Any CPU
		{6D5C3ED7-73F2-4E55-8F9B-1CD3AFBA6F0C}.Debug|x64.Build.0 = Debug|Any CPU
		{6D5C3ED7-73F2-4E55-8F9B-1CD3AFBA6F0C}.Debug|x86.ActiveCfg = Debug|Any CPU
		{6D5C3ED7-73F2-4E55-8F9B-1CD3AFBA6F0C}.Debug|x86.Build.0 = Debug|Any CPU
		{6D5C3ED7-73F2-4E55-8F9B-1CD3AFBA6F0C}.Release|Any CPU.ActiveCfg = Release|Any CPU
		{6D5C3ED7-73F2-4E55-8F9B-1CD3AFBA6F0C}.Release|Any CPU.Build.0 = Release|Any CPU
		{6D5C3ED7-73F2-4E55-8F9B-1CD3AFBA6F0C}.Release|x64.ActiveCfg = Release|Any CPU
		{6D5C3ED7-73F2-4E55-8F9B-1CD3AFBA6F0C}.Release|x64.Build.0 = Release|Any CPU
		{6D5C3ED7-73F2-4E55-8F9B-1CD3AFBA6F0C}.Release|x86.ActiveCfg = Release|Any CPU
		{6D5C3ED7-73F2-4E55-8F9B-1CD3AFBA6F0C}.Release|x86.Build.0 = Release|Any CPU
		{659DADC4-4307-425F-ADB9-965CB6989596}.Debug|Any CPU.ActiveCfg = Debug|Any CPU
		{659DADC4-4307-425F-ADB9-965CB6989596}.Debug|Any CPU.Build.0 = Debug|Any CPU
		{659DADC4-4307-425F-ADB9-965CB6989596}.Debug|x64.ActiveCfg = Debug|Any CPU
		{659DADC4-4307-425F-ADB9-965CB6989596}.Debug|x64.Build.0 = Debug|Any CPU
		{659DADC4-4307-425F-ADB9-965CB6989596}.Debug|x86.ActiveCfg = Debug|Any CPU
		{659DADC4-4307-425F-ADB9-965CB6989596}.Debug|x86.Build.0 = Debug|Any CPU
		{659DADC4-4307-425F-ADB9-965CB6989596}.Release|Any CPU.ActiveCfg = Release|Any CPU
		{659DADC4-4307-425F-ADB9-965CB6989596}.Release|Any CPU.Build.0 = Release|Any CPU
		{659DADC4-4307-425F-ADB9-965CB6989596}.Release|x64.ActiveCfg = Release|Any CPU
		{659DADC4-4307-425F-ADB9-965CB6989596}.Release|x64.Build.0 = Release|Any CPU
		{659DADC4-4307-425F-ADB9-965CB6989596}.Release|x86.ActiveCfg = Release|Any CPU
		{659DADC4-4307-425F-ADB9-965CB6989596}.Release|x86.Build.0 = Release|Any CPU
		{383A9F6E-3958-4255-B5CB-4585196A3D7A}.Debug|Any CPU.ActiveCfg = Debug|Any CPU
		{383A9F6E-3958-4255-B5CB-4585196A3D7A}.Debug|Any CPU.Build.0 = Debug|Any CPU
		{383A9F6E-3958-4255-B5CB-4585196A3D7A}.Debug|x64.ActiveCfg = Debug|Any CPU
		{383A9F6E-3958-4255-B5CB-4585196A3D7A}.Debug|x64.Build.0 = Debug|Any CPU
		{383A9F6E-3958-4255-B5CB-4585196A3D7A}.Debug|x86.ActiveCfg = Debug|Any CPU
		{383A9F6E-3958-4255-B5CB-4585196A3D7A}.Debug|x86.Build.0 = Debug|Any CPU
		{383A9F6E-3958-4255-B5CB-4585196A3D7A}.Release|Any CPU.ActiveCfg = Release|Any CPU
		{383A9F6E-3958-4255-B5CB-4585196A3D7A}.Release|Any CPU.Build.0 = Release|Any CPU
		{383A9F6E-3958-4255-B5CB-4585196A3D7A}.Release|x64.ActiveCfg = Release|Any CPU
		{383A9F6E-3958-4255-B5CB-4585196A3D7A}.Release|x64.Build.0 = Release|Any CPU
		{383A9F6E-3958-4255-B5CB-4585196A3D7A}.Release|x86.ActiveCfg = Release|Any CPU
		{383A9F6E-3958-4255-B5CB-4585196A3D7A}.Release|x86.Build.0 = Release|Any CPU
		{95727938-FE00-4A33-8CE5-574DC4EA03B9}.Debug|Any CPU.ActiveCfg = Debug|Any CPU
		{95727938-FE00-4A33-8CE5-574DC4EA03B9}.Debug|Any CPU.Build.0 = Debug|Any CPU
		{95727938-FE00-4A33-8CE5-574DC4EA03B9}.Debug|x64.ActiveCfg = Debug|Any CPU
		{95727938-FE00-4A33-8CE5-574DC4EA03B9}.Debug|x64.Build.0 = Debug|Any CPU
		{95727938-FE00-4A33-8CE5-574DC4EA03B9}.Debug|x86.ActiveCfg = Debug|Any CPU
		{95727938-FE00-4A33-8CE5-574DC4EA03B9}.Debug|x86.Build.0 = Debug|Any CPU
		{95727938-FE00-4A33-8CE5-574DC4EA03B9}.Release|Any CPU.ActiveCfg = Release|Any CPU
		{95727938-FE00-4A33-8CE5-574DC4EA03B9}.Release|Any CPU.Build.0 = Release|Any CPU
		{95727938-FE00-4A33-8CE5-574DC4EA03B9}.Release|x64.ActiveCfg = Release|Any CPU
		{95727938-FE00-4A33-8CE5-574DC4EA03B9}.Release|x64.Build.0 = Release|Any CPU
		{95727938-FE00-4A33-8CE5-574DC4EA03B9}.Release|x86.ActiveCfg = Release|Any CPU
		{95727938-FE00-4A33-8CE5-574DC4EA03B9}.Release|x86.Build.0 = Release|Any CPU
		{5511F1DA-D3C6-452C-93B5-0C6E40521529}.Debug|Any CPU.ActiveCfg = Debug|Any CPU
		{5511F1DA-D3C6-452C-93B5-0C6E40521529}.Debug|Any CPU.Build.0 = Debug|Any CPU
		{5511F1DA-D3C6-452C-93B5-0C6E40521529}.Debug|x64.ActiveCfg = Debug|Any CPU
		{5511F1DA-D3C6-452C-93B5-0C6E40521529}.Debug|x64.Build.0 = Debug|Any CPU
		{5511F1DA-D3C6-452C-93B5-0C6E40521529}.Debug|x86.ActiveCfg = Debug|Any CPU
		{5511F1DA-D3C6-452C-93B5-0C6E40521529}.Debug|x86.Build.0 = Debug|Any CPU
		{5511F1DA-D3C6-452C-93B5-0C6E40521529}.Release|Any CPU.ActiveCfg = Release|Any CPU
		{5511F1DA-D3C6-452C-93B5-0C6E40521529}.Release|Any CPU.Build.0 = Release|Any CPU
		{5511F1DA-D3C6-452C-93B5-0C6E40521529}.Release|x64.ActiveCfg = Release|Any CPU
		{5511F1DA-D3C6-452C-93B5-0C6E40521529}.Release|x64.Build.0 = Release|Any CPU
		{5511F1DA-D3C6-452C-93B5-0C6E40521529}.Release|x86.ActiveCfg = Release|Any CPU
		{5511F1DA-D3C6-452C-93B5-0C6E40521529}.Release|x86.Build.0 = Release|Any CPU
		{0004DF4D-2CDF-42EC-92F6-B7E81A29B94B}.Debug|Any CPU.ActiveCfg = Debug|Any CPU
		{0004DF4D-2CDF-42EC-92F6-B7E81A29B94B}.Debug|Any CPU.Build.0 = Debug|Any CPU
		{0004DF4D-2CDF-42EC-92F6-B7E81A29B94B}.Debug|x64.ActiveCfg = Debug|Any CPU
		{0004DF4D-2CDF-42EC-92F6-B7E81A29B94B}.Debug|x64.Build.0 = Debug|Any CPU
		{0004DF4D-2CDF-42EC-92F6-B7E81A29B94B}.Debug|x86.ActiveCfg = Debug|Any CPU
		{0004DF4D-2CDF-42EC-92F6-B7E81A29B94B}.Debug|x86.Build.0 = Debug|Any CPU
		{0004DF4D-2CDF-42EC-92F6-B7E81A29B94B}.Release|Any CPU.ActiveCfg = Release|Any CPU
		{0004DF4D-2CDF-42EC-92F6-B7E81A29B94B}.Release|Any CPU.Build.0 = Release|Any CPU
		{0004DF4D-2CDF-42EC-92F6-B7E81A29B94B}.Release|x64.ActiveCfg = Release|Any CPU
		{0004DF4D-2CDF-42EC-92F6-B7E81A29B94B}.Release|x64.Build.0 = Release|Any CPU
		{0004DF4D-2CDF-42EC-92F6-B7E81A29B94B}.Release|x86.ActiveCfg = Release|Any CPU
		{0004DF4D-2CDF-42EC-92F6-B7E81A29B94B}.Release|x86.Build.0 = Release|Any CPU
		{C5C1C79C-81E9-449D-8159-B89F68315796}.Debug|Any CPU.ActiveCfg = Debug|Any CPU
		{C5C1C79C-81E9-449D-8159-B89F68315796}.Debug|Any CPU.Build.0 = Debug|Any CPU
		{C5C1C79C-81E9-449D-8159-B89F68315796}.Debug|x64.ActiveCfg = Debug|Any CPU
		{C5C1C79C-81E9-449D-8159-B89F68315796}.Debug|x64.Build.0 = Debug|Any CPU
		{C5C1C79C-81E9-449D-8159-B89F68315796}.Debug|x86.ActiveCfg = Debug|Any CPU
		{C5C1C79C-81E9-449D-8159-B89F68315796}.Debug|x86.Build.0 = Debug|Any CPU
		{C5C1C79C-81E9-449D-8159-B89F68315796}.Release|Any CPU.ActiveCfg = Release|Any CPU
		{C5C1C79C-81E9-449D-8159-B89F68315796}.Release|Any CPU.Build.0 = Release|Any CPU
		{C5C1C79C-81E9-449D-8159-B89F68315796}.Release|x64.ActiveCfg = Release|Any CPU
		{C5C1C79C-81E9-449D-8159-B89F68315796}.Release|x64.Build.0 = Release|Any CPU
		{C5C1C79C-81E9-449D-8159-B89F68315796}.Release|x86.ActiveCfg = Release|Any CPU
		{C5C1C79C-81E9-449D-8159-B89F68315796}.Release|x86.Build.0 = Release|Any CPU
		{FEE78522-A463-4643-AA04-D29CAE39CF50}.Debug|Any CPU.ActiveCfg = Debug|Any CPU
		{FEE78522-A463-4643-AA04-D29CAE39CF50}.Debug|Any CPU.Build.0 = Debug|Any CPU
		{FEE78522-A463-4643-AA04-D29CAE39CF50}.Debug|x64.ActiveCfg = Debug|Any CPU
		{FEE78522-A463-4643-AA04-D29CAE39CF50}.Debug|x64.Build.0 = Debug|Any CPU
		{FEE78522-A463-4643-AA04-D29CAE39CF50}.Debug|x86.ActiveCfg = Debug|Any CPU
		{FEE78522-A463-4643-AA04-D29CAE39CF50}.Debug|x86.Build.0 = Debug|Any CPU
		{FEE78522-A463-4643-AA04-D29CAE39CF50}.Release|Any CPU.ActiveCfg = Release|Any CPU
		{FEE78522-A463-4643-AA04-D29CAE39CF50}.Release|Any CPU.Build.0 = Release|Any CPU
		{FEE78522-A463-4643-AA04-D29CAE39CF50}.Release|x64.ActiveCfg = Release|Any CPU
		{FEE78522-A463-4643-AA04-D29CAE39CF50}.Release|x64.Build.0 = Release|Any CPU
		{FEE78522-A463-4643-AA04-D29CAE39CF50}.Release|x86.ActiveCfg = Release|Any CPU
		{FEE78522-A463-4643-AA04-D29CAE39CF50}.Release|x86.Build.0 = Release|Any CPU
		{786325B3-7356-4B42-9080-2DFA489ABBA2}.Debug|Any CPU.ActiveCfg = Debug|Any CPU
		{786325B3-7356-4B42-9080-2DFA489ABBA2}.Debug|Any CPU.Build.0 = Debug|Any CPU
		{786325B3-7356-4B42-9080-2DFA489ABBA2}.Debug|x64.ActiveCfg = Debug|Any CPU
		{786325B3-7356-4B42-9080-2DFA489ABBA2}.Debug|x64.Build.0 = Debug|Any CPU
		{786325B3-7356-4B42-9080-2DFA489ABBA2}.Debug|x86.ActiveCfg = Debug|Any CPU
		{786325B3-7356-4B42-9080-2DFA489ABBA2}.Debug|x86.Build.0 = Debug|Any CPU
		{786325B3-7356-4B42-9080-2DFA489ABBA2}.Release|Any CPU.ActiveCfg = Release|Any CPU
		{786325B3-7356-4B42-9080-2DFA489ABBA2}.Release|Any CPU.Build.0 = Release|Any CPU
		{786325B3-7356-4B42-9080-2DFA489ABBA2}.Release|x64.ActiveCfg = Release|Any CPU
		{786325B3-7356-4B42-9080-2DFA489ABBA2}.Release|x64.Build.0 = Release|Any CPU
		{786325B3-7356-4B42-9080-2DFA489ABBA2}.Release|x86.ActiveCfg = Release|Any CPU
		{786325B3-7356-4B42-9080-2DFA489ABBA2}.Release|x86.Build.0 = Release|Any CPU
		{1AEDA84E-7A65-45CB-BDC9-A7BB4C3A20AA}.Debug|Any CPU.ActiveCfg = Debug|Any CPU
		{1AEDA84E-7A65-45CB-BDC9-A7BB4C3A20AA}.Debug|Any CPU.Build.0 = Debug|Any CPU
		{1AEDA84E-7A65-45CB-BDC9-A7BB4C3A20AA}.Debug|x64.ActiveCfg = Debug|Any CPU
		{1AEDA84E-7A65-45CB-BDC9-A7BB4C3A20AA}.Debug|x64.Build.0 = Debug|Any CPU
		{1AEDA84E-7A65-45CB-BDC9-A7BB4C3A20AA}.Debug|x86.ActiveCfg = Debug|Any CPU
		{1AEDA84E-7A65-45CB-BDC9-A7BB4C3A20AA}.Debug|x86.Build.0 = Debug|Any CPU
		{1AEDA84E-7A65-45CB-BDC9-A7BB4C3A20AA}.Release|Any CPU.ActiveCfg = Release|Any CPU
		{1AEDA84E-7A65-45CB-BDC9-A7BB4C3A20AA}.Release|Any CPU.Build.0 = Release|Any CPU
		{1AEDA84E-7A65-45CB-BDC9-A7BB4C3A20AA}.Release|x64.ActiveCfg = Release|Any CPU
		{1AEDA84E-7A65-45CB-BDC9-A7BB4C3A20AA}.Release|x64.Build.0 = Release|Any CPU
		{1AEDA84E-7A65-45CB-BDC9-A7BB4C3A20AA}.Release|x86.ActiveCfg = Release|Any CPU
		{1AEDA84E-7A65-45CB-BDC9-A7BB4C3A20AA}.Release|x86.Build.0 = Release|Any CPU
		{3D1EA826-8DCD-4A12-AD8C-C611B843FEAA}.Debug|Any CPU.ActiveCfg = Debug|Any CPU
		{3D1EA826-8DCD-4A12-AD8C-C611B843FEAA}.Debug|Any CPU.Build.0 = Debug|Any CPU
		{3D1EA826-8DCD-4A12-AD8C-C611B843FEAA}.Debug|x64.ActiveCfg = Debug|Any CPU
		{3D1EA826-8DCD-4A12-AD8C-C611B843FEAA}.Debug|x64.Build.0 = Debug|Any CPU
		{3D1EA826-8DCD-4A12-AD8C-C611B843FEAA}.Debug|x86.ActiveCfg = Debug|Any CPU
		{3D1EA826-8DCD-4A12-AD8C-C611B843FEAA}.Debug|x86.Build.0 = Debug|Any CPU
		{3D1EA826-8DCD-4A12-AD8C-C611B843FEAA}.Release|Any CPU.ActiveCfg = Release|Any CPU
		{3D1EA826-8DCD-4A12-AD8C-C611B843FEAA}.Release|Any CPU.Build.0 = Release|Any CPU
		{3D1EA826-8DCD-4A12-AD8C-C611B843FEAA}.Release|x64.ActiveCfg = Release|Any CPU
		{3D1EA826-8DCD-4A12-AD8C-C611B843FEAA}.Release|x64.Build.0 = Release|Any CPU
		{3D1EA826-8DCD-4A12-AD8C-C611B843FEAA}.Release|x86.ActiveCfg = Release|Any CPU
		{3D1EA826-8DCD-4A12-AD8C-C611B843FEAA}.Release|x86.Build.0 = Release|Any CPU
		{92BFACFF-CC77-4A11-B693-D8353AA179EF}.Debug|Any CPU.ActiveCfg = Debug|Any CPU
		{92BFACFF-CC77-4A11-B693-D8353AA179EF}.Debug|Any CPU.Build.0 = Debug|Any CPU
		{92BFACFF-CC77-4A11-B693-D8353AA179EF}.Debug|x64.ActiveCfg = Debug|Any CPU
		{92BFACFF-CC77-4A11-B693-D8353AA179EF}.Debug|x64.Build.0 = Debug|Any CPU
		{92BFACFF-CC77-4A11-B693-D8353AA179EF}.Debug|x86.ActiveCfg = Debug|Any CPU
		{92BFACFF-CC77-4A11-B693-D8353AA179EF}.Debug|x86.Build.0 = Debug|Any CPU
		{92BFACFF-CC77-4A11-B693-D8353AA179EF}.Release|Any CPU.ActiveCfg = Release|Any CPU
		{92BFACFF-CC77-4A11-B693-D8353AA179EF}.Release|Any CPU.Build.0 = Release|Any CPU
		{92BFACFF-CC77-4A11-B693-D8353AA179EF}.Release|x64.ActiveCfg = Release|Any CPU
		{92BFACFF-CC77-4A11-B693-D8353AA179EF}.Release|x64.Build.0 = Release|Any CPU
		{92BFACFF-CC77-4A11-B693-D8353AA179EF}.Release|x86.ActiveCfg = Release|Any CPU
		{92BFACFF-CC77-4A11-B693-D8353AA179EF}.Release|x86.Build.0 = Release|Any CPU
		{3A7F99C6-BA65-4BE5-9B85-95840354B890}.Debug|Any CPU.ActiveCfg = Debug|Any CPU
		{3A7F99C6-BA65-4BE5-9B85-95840354B890}.Debug|Any CPU.Build.0 = Debug|Any CPU
		{3A7F99C6-BA65-4BE5-9B85-95840354B890}.Debug|x64.ActiveCfg = Debug|Any CPU
		{3A7F99C6-BA65-4BE5-9B85-95840354B890}.Debug|x64.Build.0 = Debug|Any CPU
		{3A7F99C6-BA65-4BE5-9B85-95840354B890}.Debug|x86.ActiveCfg = Debug|Any CPU
		{3A7F99C6-BA65-4BE5-9B85-95840354B890}.Debug|x86.Build.0 = Debug|Any CPU
		{3A7F99C6-BA65-4BE5-9B85-95840354B890}.Release|Any CPU.ActiveCfg = Release|Any CPU
		{3A7F99C6-BA65-4BE5-9B85-95840354B890}.Release|Any CPU.Build.0 = Release|Any CPU
		{3A7F99C6-BA65-4BE5-9B85-95840354B890}.Release|x64.ActiveCfg = Release|Any CPU
		{3A7F99C6-BA65-4BE5-9B85-95840354B890}.Release|x64.Build.0 = Release|Any CPU
		{3A7F99C6-BA65-4BE5-9B85-95840354B890}.Release|x86.ActiveCfg = Release|Any CPU
		{3A7F99C6-BA65-4BE5-9B85-95840354B890}.Release|x86.Build.0 = Release|Any CPU
		{F144702C-4C7E-4FE3-86D3-426C694DD18B}.Debug|Any CPU.ActiveCfg = Debug|Any CPU
		{F144702C-4C7E-4FE3-86D3-426C694DD18B}.Debug|Any CPU.Build.0 = Debug|Any CPU
		{F144702C-4C7E-4FE3-86D3-426C694DD18B}.Debug|x64.ActiveCfg = Debug|Any CPU
		{F144702C-4C7E-4FE3-86D3-426C694DD18B}.Debug|x64.Build.0 = Debug|Any CPU
		{F144702C-4C7E-4FE3-86D3-426C694DD18B}.Debug|x86.ActiveCfg = Debug|Any CPU
		{F144702C-4C7E-4FE3-86D3-426C694DD18B}.Debug|x86.Build.0 = Debug|Any CPU
		{F144702C-4C7E-4FE3-86D3-426C694DD18B}.Release|Any CPU.ActiveCfg = Release|Any CPU
		{F144702C-4C7E-4FE3-86D3-426C694DD18B}.Release|Any CPU.Build.0 = Release|Any CPU
		{F144702C-4C7E-4FE3-86D3-426C694DD18B}.Release|x64.ActiveCfg = Release|Any CPU
		{F144702C-4C7E-4FE3-86D3-426C694DD18B}.Release|x64.Build.0 = Release|Any CPU
		{F144702C-4C7E-4FE3-86D3-426C694DD18B}.Release|x86.ActiveCfg = Release|Any CPU
		{F144702C-4C7E-4FE3-86D3-426C694DD18B}.Release|x86.Build.0 = Release|Any CPU
		{9ADC1BB0-7623-4911-A109-882A5C8FC2EB}.Debug|Any CPU.ActiveCfg = Debug|Any CPU
		{9ADC1BB0-7623-4911-A109-882A5C8FC2EB}.Debug|Any CPU.Build.0 = Debug|Any CPU
		{9ADC1BB0-7623-4911-A109-882A5C8FC2EB}.Debug|x64.ActiveCfg = Debug|Any CPU
		{9ADC1BB0-7623-4911-A109-882A5C8FC2EB}.Debug|x64.Build.0 = Debug|Any CPU
		{9ADC1BB0-7623-4911-A109-882A5C8FC2EB}.Debug|x86.ActiveCfg = Debug|Any CPU
		{9ADC1BB0-7623-4911-A109-882A5C8FC2EB}.Debug|x86.Build.0 = Debug|Any CPU
		{9ADC1BB0-7623-4911-A109-882A5C8FC2EB}.Release|Any CPU.ActiveCfg = Release|Any CPU
		{9ADC1BB0-7623-4911-A109-882A5C8FC2EB}.Release|Any CPU.Build.0 = Release|Any CPU
		{9ADC1BB0-7623-4911-A109-882A5C8FC2EB}.Release|x64.ActiveCfg = Release|Any CPU
		{9ADC1BB0-7623-4911-A109-882A5C8FC2EB}.Release|x64.Build.0 = Release|Any CPU
		{9ADC1BB0-7623-4911-A109-882A5C8FC2EB}.Release|x86.ActiveCfg = Release|Any CPU
		{9ADC1BB0-7623-4911-A109-882A5C8FC2EB}.Release|x86.Build.0 = Release|Any CPU
	EndGlobalSection
	GlobalSection(SolutionProperties) = preSolution
		HideSolutionNode = FALSE
	EndGlobalSection
	GlobalSection(NestedProjects) = preSolution
		{6D5C3ED7-73F2-4E55-8F9B-1CD3AFBA6F0C} = {7266C4A9-E384-DC00-0EB6-47F6002CFBA7}
		{659DADC4-4307-425F-ADB9-965CB6989596} = {7266C4A9-E384-DC00-0EB6-47F6002CFBA7}
		{383A9F6E-3958-4255-B5CB-4585196A3D7A} = {7266C4A9-E384-DC00-0EB6-47F6002CFBA7}
		{95727938-FE00-4A33-8CE5-574DC4EA03B9} = {7266C4A9-E384-DC00-0EB6-47F6002CFBA7}
		{5511F1DA-D3C6-452C-93B5-0C6E40521529} = {7266C4A9-E384-DC00-0EB6-47F6002CFBA7}
		{0004DF4D-2CDF-42EC-92F6-B7E81A29B94B} = {2FA89949-C014-61E3-9766-4043502A0423}
		{00D5FA09-9A52-E7D4-27A8-8813305D18EB} = {5854FF58-B8C5-05C6-5BF2-ACE42193F22B}
		{3A4FE308-54B2-BF21-A95D-115C872F7699} = {5854FF58-B8C5-05C6-5BF2-ACE42193F22B}
		{13C37D78-89C1-9740-1254-FCC4D4FEAACB} = {5854FF58-B8C5-05C6-5BF2-ACE42193F22B}
		{D6905E6F-E027-2140-289F-DC3891351708} = {5854FF58-B8C5-05C6-5BF2-ACE42193F22B}
		{2ABB08AF-F700-0691-05D1-0F76A92338F6} = {5854FF58-B8C5-05C6-5BF2-ACE42193F22B}
		{A3EB3B8E-A382-883F-4EF5-65D661ECE351} = {5854FF58-B8C5-05C6-5BF2-ACE42193F22B}
		{FF24FFAD-FAA5-2FDD-CC90-06B154D1F71E} = {5854FF58-B8C5-05C6-5BF2-ACE42193F22B}
		{C5C1C79C-81E9-449D-8159-B89F68315796} = {A3EB3B8E-A382-883F-4EF5-65D661ECE351}
		{FEE78522-A463-4643-AA04-D29CAE39CF50} = {D6905E6F-E027-2140-289F-DC3891351708}
		{786325B3-7356-4B42-9080-2DFA489ABBA2} = {2ABB08AF-F700-0691-05D1-0F76A92338F6}
		{1AEDA84E-7A65-45CB-BDC9-A7BB4C3A20AA} = {3A4FE308-54B2-BF21-A95D-115C872F7699}
		{3D1EA826-8DCD-4A12-AD8C-C611B843FEAA} = {13C37D78-89C1-9740-1254-FCC4D4FEAACB}
		{92BFACFF-CC77-4A11-B693-D8353AA179EF} = {00D5FA09-9A52-E7D4-27A8-8813305D18EB}
		{3A7F99C6-BA65-4BE5-9B85-95840354B890} = {FF24FFAD-FAA5-2FDD-CC90-06B154D1F71E}
		{F144702C-4C7E-4FE3-86D3-426C694DD18B} = {64880D93-BAB4-FF83-898C-B934B68C31A9}
		{9ADC1BB0-7623-4911-A109-882A5C8FC2EB} = {64880D93-BAB4-FF83-898C-B934B68C31A9}
	EndGlobalSection
EndGlobal
