
Microsoft Visual Studio Solution File, Format Version 12.00
# Visual Studio Version 17
VisualStudioVersion = 17.0.31903.59
MinimumVisualStudioVersion = 10.0.40219.1
Project("{2150E333-8FDC-42A3-9474-1A3956D46DE8}") = "BuildingBlocks", "BuildingBlocks", "{7266C4A9-E384-DC00-0EB6-47F6002CFBA7}"
EndProject
Project("{FAE04EC0-301F-11D3-BF4B-00C04F79EFBC}") = "Adventure.BuildingBlocks.Core", "src\BuildingBlocks\Adventure.BuildingBlocks.Core\Adventure.BuildingBlocks.Core.csproj", "{6D5C3ED7-73F2-4E55-8F9B-1CD3AFBA6F0C}"
EndProject
Project("{FAE04EC0-301F-11D3-BF4B-00C04F79EFBC}") = "Adventure.BuildingBlocks.Persistence.EFCore", "src\BuildingBlocks\Adventure.BuildingBlocks.Persistence.EFCore\Adventure.BuildingBlocks.Persistence.EFCore.csproj", "{659DADC4-4307-425F-ADB9-965CB6989596}"
EndProject
Project("{FAE04EC0-301F-11D3-BF4B-00C04F79EFBC}") = "Adventure.BuildingBlocks.Messaging", "src\BuildingBlocks\Adventure.BuildingBlocks.Messaging\Adventure.BuildingBlocks.Messaging.csproj", "{383A9F6E-3958-4255-B5CB-4585196A3D7A}"
EndProject
Project("{FAE04EC0-301F-11D3-BF4B-00C04F79EFBC}") = "Adventure.BuildingBlocks.Caching", "src\BuildingBlocks\Adventure.BuildingBlocks.Caching\Adventure.BuildingBlocks.Caching.csproj", "{95727938-FE00-4A33-8CE5-574DC4EA03B9}"
EndProject
Project("{FAE04EC0-301F-11D3-BF4B-00C04F79EFBC}") = "Adventure.BuildingBlocks.Authentication", "src\BuildingBlocks\Adventure.BuildingBlocks.Authentication\Adventure.BuildingBlocks.Authentication.csproj", "{5511F1DA-D3C6-452C-93B5-0C6E40521529}"
EndProject
Project("{2150E333-8FDC-42A3-9474-1A3956D46DE8}") = "Services", "Services", "{5854FF58-B8C5-05C6-5BF2-ACE42193F22B}"
EndProject
Project("{2150E333-8FDC-42A3-9474-1A3956D46DE8}") = "Identity", "Identity", "{2FA89949-C014-61E3-9766-4043502A0423}"
EndProject
Project("{FAE04EC0-301F-11D3-BF4B-00C04F79EFBC}") = "Adventure.Identity", "src\Identity\Adventure.Identity\Adventure.Identity.csproj", "{0004DF4D-2CDF-42EC-92F6-B7E81A29B94B}"
EndProject
Project("{2150E333-8FDC-42A3-9474-1A3956D46DE8}") = "Aspire", "Aspire", "{64880D93-BAB4-FF83-898C-B934B68C31A9}"
EndProject
Project("{FAE04EC0-301F-11D3-BF4B-00C04F79EFBC}") = "Adventure.AppHost", "src\Aspire\Adventure.AppHost\Adventure.AppHost.csproj", "{F144702C-4C7E-4FE3-86D3-426C694DD18B}"
EndProject
Project("{FAE04EC0-301F-11D3-BF4B-00C04F79EFBC}") = "Adventure.ServiceDefaults", "src\Aspire\Adventure.ServiceDefaults\Adventure.ServiceDefaults.csproj", "{9ADC1BB0-7623-4911-A109-882A5C8FC2EB}"
EndProject
Project("{FAE04EC0-301F-11D3-BF4B-00C04F79EFBC}") = "Adventure.AdventureWork", "src\Services\Adventure.AdventureWork\Adventure.AdventureWork.csproj", "{94C230C4-305B-479C-B3B7-FD17C8CD356C}"
EndProject
Global
	GlobalSection(SolutionConfigurationPlatforms) = preSolution
		Debug|Any CPU = Debug|Any CPU
		Debug|x64 = Debug|x64
		Debug|x86 = Debug|x86
		Release|Any CPU = Release|Any CPU
		Release|x64 = Release|x64
		Release|x86 = Release|x86
	EndGlobalSection
	GlobalSection(ProjectConfigurationPlatforms) = postSolution
		{6D5C3ED7-73F2-4E55-8F9B-1CD3AFBA6F0C}.Debug|Any CPU.ActiveCfg = Debug|Any CPU
		{6D5C3ED7-73F2-4E55-8F9B-1CD3AFBA6F0C}.Debug|Any CPU.Build.0 = Debug|Any CPU
		{6D5C3ED7-73F2-4E55-8F9B-1CD3AFBA6F0C}.Debug|x64.ActiveCfg = Debug|Any CPU
		{6D5C3ED7-73F2-4E55-8F9B-1CD3AFBA6F0C}.Debug|x64.Build.0 = Debug|Any CPU
		{6D5C3ED7-73F2-4E55-8F9B-1CD3AFBA6F0C}.Debug|x86.ActiveCfg = Debug|Any CPU
		{6D5C3ED7-73F2-4E55-8F9B-1CD3AFBA6F0C}.Debug|x86.Build.0 = Debug|Any CPU
		{6D5C3ED7-73F2-4E55-8F9B-1CD3AFBA6F0C}.Release|Any CPU.ActiveCfg = Release|Any CPU
		{6D5C3ED7-73F2-4E55-8F9B-1CD3AFBA6F0C}.Release|Any CPU.Build.0 = Release|Any CPU
		{6D5C3ED7-73F2-4E55-8F9B-1CD3AFBA6F0C}.Release|x64.ActiveCfg = Release|Any CPU
		{6D5C3ED7-73F2-4E55-8F9B-1CD3AFBA6F0C}.Release|x64.Build.0 = Release|Any CPU
		{6D5C3ED7-73F2-4E55-8F9B-1CD3AFBA6F0C}.Release|x86.ActiveCfg = Release|Any CPU
		{6D5C3ED7-73F2-4E55-8F9B-1CD3AFBA6F0C}.Release|x86.Build.0 = Release|Any CPU
		{659DADC4-4307-425F-ADB9-965CB6989596}.Debug|Any CPU.ActiveCfg = Debug|Any CPU
		{659DADC4-4307-425F-ADB9-965CB6989596}.Debug|Any CPU.Build.0 = Debug|Any CPU
		{659DADC4-4307-425F-ADB9-965CB6989596}.Debug|x64.ActiveCfg = Debug|Any CPU
		{659DADC4-4307-425F-ADB9-965CB6989596}.Debug|x64.Build.0 = Debug|Any CPU
		{659DADC4-4307-425F-ADB9-965CB6989596}.Debug|x86.ActiveCfg = Debug|Any CPU
		{659DADC4-4307-425F-ADB9-965CB6989596}.Debug|x86.Build.0 = Debug|Any CPU
		{659DADC4-4307-425F-ADB9-965CB6989596}.Release|Any CPU.ActiveCfg = Release|Any CPU
		{659DADC4-4307-425F-ADB9-965CB6989596}.Release|Any CPU.Build.0 = Release|Any CPU
		{659DADC4-4307-425F-ADB9-965CB6989596}.Release|x64.ActiveCfg = Release|Any CPU
		{659DADC4-4307-425F-ADB9-965CB6989596}.Release|x64.Build.0 = Release|Any CPU
		{659DADC4-4307-425F-ADB9-965CB6989596}.Release|x86.ActiveCfg = Release|Any CPU
		{659DADC4-4307-425F-ADB9-965CB6989596}.Release|x86.Build.0 = Release|Any CPU
		{383A9F6E-3958-4255-B5CB-4585196A3D7A}.Debug|Any CPU.ActiveCfg = Debug|Any CPU
		{383A9F6E-3958-4255-B5CB-4585196A3D7A}.Debug|Any CPU.Build.0 = Debug|Any CPU
		{383A9F6E-3958-4255-B5CB-4585196A3D7A}.Debug|x64.ActiveCfg = Debug|Any CPU
		{383A9F6E-3958-4255-B5CB-4585196A3D7A}.Debug|x64.Build.0 = Debug|Any CPU
		{383A9F6E-3958-4255-B5CB-4585196A3D7A}.Debug|x86.ActiveCfg = Debug|Any CPU
		{383A9F6E-3958-4255-B5CB-4585196A3D7A}.Debug|x86.Build.0 = Debug|Any CPU
		{383A9F6E-3958-4255-B5CB-4585196A3D7A}.Release|Any CPU.ActiveCfg = Release|Any CPU
		{383A9F6E-3958-4255-B5CB-4585196A3D7A}.Release|Any CPU.Build.0 = Release|Any CPU
		{383A9F6E-3958-4255-B5CB-4585196A3D7A}.Release|x64.ActiveCfg = Release|Any CPU
		{383A9F6E-3958-4255-B5CB-4585196A3D7A}.Release|x64.Build.0 = Release|Any CPU
		{383A9F6E-3958-4255-B5CB-4585196A3D7A}.Release|x86.ActiveCfg = Release|Any CPU
		{383A9F6E-3958-4255-B5CB-4585196A3D7A}.Release|x86.Build.0 = Release|Any CPU
		{95727938-FE00-4A33-8CE5-574DC4EA03B9}.Debug|Any CPU.ActiveCfg = Debug|Any CPU
		{95727938-FE00-4A33-8CE5-574DC4EA03B9}.Debug|Any CPU.Build.0 = Debug|Any CPU
		{95727938-FE00-4A33-8CE5-574DC4EA03B9}.Debug|x64.ActiveCfg = Debug|Any CPU
		{95727938-FE00-4A33-8CE5-574DC4EA03B9}.Debug|x64.Build.0 = Debug|Any CPU
		{95727938-FE00-4A33-8CE5-574DC4EA03B9}.Debug|x86.ActiveCfg = Debug|Any CPU
		{95727938-FE00-4A33-8CE5-574DC4EA03B9}.Debug|x86.Build.0 = Debug|Any CPU
		{95727938-FE00-4A33-8CE5-574DC4EA03B9}.Release|Any CPU.ActiveCfg = Release|Any CPU
		{95727938-FE00-4A33-8CE5-574DC4EA03B9}.Release|Any CPU.Build.0 = Release|Any CPU
		{95727938-FE00-4A33-8CE5-574DC4EA03B9}.Release|x64.ActiveCfg = Release|Any CPU
		{95727938-FE00-4A33-8CE5-574DC4EA03B9}.Release|x64.Build.0 = Release|Any CPU
		{95727938-FE00-4A33-8CE5-574DC4EA03B9}.Release|x86.ActiveCfg = Release|Any CPU
		{95727938-FE00-4A33-8CE5-574DC4EA03B9}.Release|x86.Build.0 = Release|Any CPU
		{5511F1DA-D3C6-452C-93B5-0C6E40521529}.Debug|Any CPU.ActiveCfg = Debug|Any CPU
		{5511F1DA-D3C6-452C-93B5-0C6E40521529}.Debug|Any CPU.Build.0 = Debug|Any CPU
		{5511F1DA-D3C6-452C-93B5-0C6E40521529}.Debug|x64.ActiveCfg = Debug|Any CPU
		{5511F1DA-D3C6-452C-93B5-0C6E40521529}.Debug|x64.Build.0 = Debug|Any CPU
		{5511F1DA-D3C6-452C-93B5-0C6E40521529}.Debug|x86.ActiveCfg = Debug|Any CPU
		{5511F1DA-D3C6-452C-93B5-0C6E40521529}.Debug|x86.Build.0 = Debug|Any CPU
		{5511F1DA-D3C6-452C-93B5-0C6E40521529}.Release|Any CPU.ActiveCfg = Release|Any CPU
		{5511F1DA-D3C6-452C-93B5-0C6E40521529}.Release|Any CPU.Build.0 = Release|Any CPU
		{5511F1DA-D3C6-452C-93B5-0C6E40521529}.Release|x64.ActiveCfg = Release|Any CPU
		{5511F1DA-D3C6-452C-93B5-0C6E40521529}.Release|x64.Build.0 = Release|Any CPU
		{5511F1DA-D3C6-452C-93B5-0C6E40521529}.Release|x86.ActiveCfg = Release|Any CPU
		{5511F1DA-D3C6-452C-93B5-0C6E40521529}.Release|x86.Build.0 = Release|Any CPU
		{0004DF4D-2CDF-42EC-92F6-B7E81A29B94B}.Debug|Any CPU.ActiveCfg = Debug|Any CPU
		{0004DF4D-2CDF-42EC-92F6-B7E81A29B94B}.Debug|Any CPU.Build.0 = Debug|Any CPU
		{0004DF4D-2CDF-42EC-92F6-B7E81A29B94B}.Debug|x64.ActiveCfg = Debug|Any CPU
		{0004DF4D-2CDF-42EC-92F6-B7E81A29B94B}.Debug|x64.Build.0 = Debug|Any CPU
		{0004DF4D-2CDF-42EC-92F6-B7E81A29B94B}.Debug|x86.ActiveCfg = Debug|Any CPU
		{0004DF4D-2CDF-42EC-92F6-B7E81A29B94B}.Debug|x86.Build.0 = Debug|Any CPU
		{0004DF4D-2CDF-42EC-92F6-B7E81A29B94B}.Release|Any CPU.ActiveCfg = Release|Any CPU
		{0004DF4D-2CDF-42EC-92F6-B7E81A29B94B}.Release|Any CPU.Build.0 = Release|Any CPU
		{0004DF4D-2CDF-42EC-92F6-B7E81A29B94B}.Release|x64.ActiveCfg = Release|Any CPU
		{0004DF4D-2CDF-42EC-92F6-B7E81A29B94B}.Release|x64.Build.0 = Release|Any CPU
		{0004DF4D-2CDF-42EC-92F6-B7E81A29B94B}.Release|x86.ActiveCfg = Release|Any CPU
		{0004DF4D-2CDF-42EC-92F6-B7E81A29B94B}.Release|x86.Build.0 = Release|Any CPU
		{F144702C-4C7E-4FE3-86D3-426C694DD18B}.Debug|Any CPU.ActiveCfg = Debug|Any CPU
		{F144702C-4C7E-4FE3-86D3-426C694DD18B}.Debug|Any CPU.Build.0 = Debug|Any CPU
		{F144702C-4C7E-4FE3-86D3-426C694DD18B}.Debug|x64.ActiveCfg = Debug|Any CPU
		{F144702C-4C7E-4FE3-86D3-426C694DD18B}.Debug|x64.Build.0 = Debug|Any CPU
		{F144702C-4C7E-4FE3-86D3-426C694DD18B}.Debug|x86.ActiveCfg = Debug|Any CPU
		{F144702C-4C7E-4FE3-86D3-426C694DD18B}.Debug|x86.Build.0 = Debug|Any CPU
		{F144702C-4C7E-4FE3-86D3-426C694DD18B}.Release|Any CPU.ActiveCfg = Release|Any CPU
		{F144702C-4C7E-4FE3-86D3-426C694DD18B}.Release|Any CPU.Build.0 = Release|Any CPU
		{F144702C-4C7E-4FE3-86D3-426C694DD18B}.Release|x64.ActiveCfg = Release|Any CPU
		{F144702C-4C7E-4FE3-86D3-426C694DD18B}.Release|x64.Build.0 = Release|Any CPU
		{F144702C-4C7E-4FE3-86D3-426C694DD18B}.Release|x86.ActiveCfg = Release|Any CPU
		{F144702C-4C7E-4FE3-86D3-426C694DD18B}.Release|x86.Build.0 = Release|Any CPU
		{9ADC1BB0-7623-4911-A109-882A5C8FC2EB}.Debug|Any CPU.ActiveCfg = Debug|Any CPU
		{9ADC1BB0-7623-4911-A109-882A5C8FC2EB}.Debug|Any CPU.Build.0 = Debug|Any CPU
		{9ADC1BB0-7623-4911-A109-882A5C8FC2EB}.Debug|x64.ActiveCfg = Debug|Any CPU
		{9ADC1BB0-7623-4911-A109-882A5C8FC2EB}.Debug|x64.Build.0 = Debug|Any CPU
		{9ADC1BB0-7623-4911-A109-882A5C8FC2EB}.Debug|x86.ActiveCfg = Debug|Any CPU
		{9ADC1BB0-7623-4911-A109-882A5C8FC2EB}.Debug|x86.Build.0 = Debug|Any CPU
		{9ADC1BB0-7623-4911-A109-882A5C8FC2EB}.Release|Any CPU.ActiveCfg = Release|Any CPU
		{9ADC1BB0-7623-4911-A109-882A5C8FC2EB}.Release|Any CPU.Build.0 = Release|Any CPU
		{9ADC1BB0-7623-4911-A109-882A5C8FC2EB}.Release|x64.ActiveCfg = Release|Any CPU
		{9ADC1BB0-7623-4911-A109-882A5C8FC2EB}.Release|x64.Build.0 = Release|Any CPU
		{9ADC1BB0-7623-4911-A109-882A5C8FC2EB}.Release|x86.ActiveCfg = Release|Any CPU
		{9ADC1BB0-7623-4911-A109-882A5C8FC2EB}.Release|x86.Build.0 = Release|Any CPU
		{94C230C4-305B-479C-B3B7-FD17C8CD356C}.Debug|Any CPU.ActiveCfg = Debug|Any CPU
		{94C230C4-305B-479C-B3B7-FD17C8CD356C}.Debug|Any CPU.Build.0 = Debug|Any CPU
		{94C230C4-305B-479C-B3B7-FD17C8CD356C}.Debug|x64.ActiveCfg = Debug|Any CPU
		{94C230C4-305B-479C-B3B7-FD17C8CD356C}.Debug|x64.Build.0 = Debug|Any CPU
		{94C230C4-305B-479C-B3B7-FD17C8CD356C}.Debug|x86.ActiveCfg = Debug|Any CPU
		{94C230C4-305B-479C-B3B7-FD17C8CD356C}.Debug|x86.Build.0 = Debug|Any CPU
		{94C230C4-305B-479C-B3B7-FD17C8CD356C}.Release|Any CPU.ActiveCfg = Release|Any CPU
		{94C230C4-305B-479C-B3B7-FD17C8CD356C}.Release|Any CPU.Build.0 = Release|Any CPU
		{94C230C4-305B-479C-B3B7-FD17C8CD356C}.Release|x64.ActiveCfg = Release|Any CPU
		{94C230C4-305B-479C-B3B7-FD17C8CD356C}.Release|x64.Build.0 = Release|Any CPU
		{94C230C4-305B-479C-B3B7-FD17C8CD356C}.Release|x86.ActiveCfg = Release|Any CPU
		{94C230C4-305B-479C-B3B7-FD17C8CD356C}.Release|x86.Build.0 = Release|Any CPU
	EndGlobalSection
	GlobalSection(SolutionProperties) = preSolution
		HideSolutionNode = FALSE
	EndGlobalSection
	GlobalSection(NestedProjects) = preSolution
		{6D5C3ED7-73F2-4E55-8F9B-1CD3AFBA6F0C} = {7266C4A9-E384-DC00-0EB6-47F6002CFBA7}
		{659DADC4-4307-425F-ADB9-965CB6989596} = {7266C4A9-E384-DC00-0EB6-47F6002CFBA7}
		{383A9F6E-3958-4255-B5CB-4585196A3D7A} = {7266C4A9-E384-DC00-0EB6-47F6002CFBA7}
		{95727938-FE00-4A33-8CE5-574DC4EA03B9} = {7266C4A9-E384-DC00-0EB6-47F6002CFBA7}
		{5511F1DA-D3C6-452C-93B5-0C6E40521529} = {7266C4A9-E384-DC00-0EB6-47F6002CFBA7}
		{0004DF4D-2CDF-42EC-92F6-B7E81A29B94B} = {2FA89949-C014-61E3-9766-4043502A0423}
		{F144702C-4C7E-4FE3-86D3-426C694DD18B} = {64880D93-BAB4-FF83-898C-B934B68C31A9}
		{9ADC1BB0-7623-4911-A109-882A5C8FC2EB} = {64880D93-BAB4-FF83-898C-B934B68C31A9}
		{94C230C4-305B-479C-B3B7-FD17C8CD356C} = {5854FF58-B8C5-05C6-5BF2-ACE42193F22B}
	EndGlobalSection
EndGlobal
